
Microsoft Visual Studio Solution File, Format Version 12.00
# Visual Studio Version 17
VisualStudioVersion = 17.1.32228.430
MinimumVisualStudioVersion = 10.0.40219.1
Project("{9A19103F-16F7-4668-BE54-9A1E7A4F7556}") = "ElistaWeb", "ElistaWeb\ElistaWeb.csproj", "{9D728407-74DA-4E75-A5C2-120957AFD055}"
EndProject
Project("{9A19103F-16F7-4668-BE54-9A1E7A4F7556}") = "ElistaTheme", "ElistaTheme\ElistaTheme.csproj", "{FFCF1AD3-B149-4DE6-AA07-137546CB5134}"
EndProject
Project("{9A19103F-16F7-4668-BE54-9A1E7A4F7556}") = "OrchardCore.Commerce", "Commerce\OrchardCore.Commerce\OrchardCore.Commerce.csproj", "{1DC0350C-3C65-4CBE-82DB-98D2CD713FF6}"
EndProject
Project("{9A19103F-16F7-4668-BE54-9A1E7A4F7556}") = "MoneyDataType", "Commerce\MoneyDataType\MoneyDataType.csproj", "{1D794336-F8CA-4C46-B94D-6BEA1BE743A4}"
EndProject
Project("{9A19103F-16F7-4668-BE54-9A1E7A4F7556}") = "AddressDataType", "Commerce\AddressDataType\AddressDataType.csproj", "{D1C818A3-3ABE-4EF2-814C-3D95AFF6C262}"
EndProject
Project("{9A19103F-16F7-4668-BE54-9A1E7A4F7556}") = "Carousel.OrchardCore", "Carousel.OrchardCore\Carousel.OrchardCore.csproj", "{D566854B-33C6-4145-BBF7-70EDDD1A8B7B}"
EndProject
Global
	GlobalSection(SolutionConfigurationPlatforms) = preSolution
		Debug|Any CPU = Debug|Any CPU
		Release|Any CPU = Release|Any CPU
	EndGlobalSection
	GlobalSection(ProjectConfigurationPlatforms) = postSolution
		{9D728407-74DA-4E75-A5C2-120957AFD055}.Debug|Any CPU.ActiveCfg = Debug|Any CPU
		{9D728407-74DA-4E75-A5C2-120957AFD055}.Debug|Any CPU.Build.0 = Debug|Any CPU
		{9D728407-74DA-4E75-A5C2-120957AFD055}.Release|Any CPU.ActiveCfg = Release|Any CPU
		{9D728407-74DA-4E75-A5C2-120957AFD055}.Release|Any CPU.Build.0 = Release|Any CPU
		{FFCF1AD3-B149-4DE6-AA07-137546CB5134}.Debug|Any CPU.ActiveCfg = Debug|Any CPU
		{FFCF1AD3-B149-4DE6-AA07-137546CB5134}.Debug|Any CPU.Build.0 = Debug|Any CPU
		{FFCF1AD3-B149-4DE6-AA07-137546CB5134}.Release|Any CPU.ActiveCfg = Release|Any CPU
		{FFCF1AD3-B149-4DE6-AA07-137546CB5134}.Release|Any CPU.Build.0 = Release|Any CPU
		{1DC0350C-3C65-4CBE-82DB-98D2CD713FF6}.Debug|Any CPU.ActiveCfg = Debug|Any CPU
		{1DC0350C-3C65-4CBE-82DB-98D2CD713FF6}.Debug|Any CPU.Build.0 = Debug|Any CPU
		{1DC0350C-3C65-4CBE-82DB-98D2CD713FF6}.Release|Any CPU.ActiveCfg = Release|Any CPU
		{1DC0350C-3C65-4CBE-82DB-98D2CD713FF6}.Release|Any CPU.Build.0 = Release|Any CPU
		{1D794336-F8CA-4C46-B94D-6BEA1BE743A4}.Debug|Any CPU.ActiveCfg = Debug|Any CPU
		{1D794336-F8CA-4C46-B94D-6BEA1BE743A4}.Debug|Any CPU.Build.0 = Debug|Any CPU
		{1D794336-F8CA-4C46-B94D-6BEA1BE743A4}.Release|Any CPU.ActiveCfg = Release|Any CPU
		{1D794336-F8CA-4C46-B94D-6BEA1BE743A4}.Release|Any CPU.Build.0 = Release|Any CPU
		{D1C818A3-3ABE-4EF2-814C-3D95AFF6C262}.Debug|Any CPU.ActiveCfg = Debug|Any CPU
		{D1C818A3-3ABE-4EF2-814C-3D95AFF6C262}.Debug|Any CPU.Build.0 = Debug|Any CPU
		{D1C818A3-3ABE-4EF2-814C-3D95AFF6C262}.Release|Any CPU.ActiveCfg = Release|Any CPU
		{D1C818A3-3ABE-4EF2-814C-3D95AFF6C262}.Release|Any CPU.Build.0 = Release|Any CPU
		{D566854B-33C6-4145-BBF7-70EDDD1A8B7B}.Debug|Any CPU.ActiveCfg = Debug|Any CPU
		{D566854B-33C6-4145-BBF7-70EDDD1A8B7B}.Debug|Any CPU.Build.0 = Debug|Any CPU
		{D566854B-33C6-4145-BBF7-70EDDD1A8B7B}.Release|Any CPU.ActiveCfg = Release|Any CPU
		{D566854B-33C6-4145-BBF7-70EDDD1A8B7B}.Release|Any CPU.Build.0 = Release|Any CPU
	EndGlobalSection
	GlobalSection(SolutionProperties) = preSolution
		HideSolutionNode = FALSE
	EndGlobalSection
	GlobalSection(ExtensibilityGlobals) = postSolution
		SolutionGuid = {FE2C0331-2235-4DEB-8CB7-C26F3F33E91C}
	EndGlobalSection
EndGlobal
